// !$*UTF8*$!
{
	archiveVersion = 1;
	classes = {
	};
	objectVersion = 46;
	objects = {

/* Begin PBXBuildFile section */
		07B9DAEB1F13CE29003DC946 /* AppDelegate.swift in Sources */ = {isa = PBXBuildFile; fileRef = 07B9DAEA1F13CE29003DC946 /* AppDelegate.swift */; };
		07B9DAF21F13CE29003DC946 /* Assets.xcassets in Resources */ = {isa = PBXBuildFile; fileRef = 07B9DAF11F13CE29003DC946 /* Assets.xcassets */; };
		07B9DB021F13DA74003DC946 /* LaunchScreen.storyboard in Resources */ = {isa = PBXBuildFile; fileRef = 07B9DB001F13DA74003DC946 /* LaunchScreen.storyboard */; };
		07B9DB031F13DA74003DC946 /* Main.storyboard in Resources */ = {isa = PBXBuildFile; fileRef = 07B9DB011F13DA74003DC946 /* Main.storyboard */; };
		07B9DB0E1F13FF93003DC946 /* LoginViewController.swift in Sources */ = {isa = PBXBuildFile; fileRef = 07B9DB0D1F13FF93003DC946 /* LoginViewController.swift */; };
		07B9DB101F140EBD003DC946 /* Login.storyboard in Resources */ = {isa = PBXBuildFile; fileRef = 07B9DB0F1F140EBD003DC946 /* Login.storyboard */; };
		07B9DB121F1410E9003DC946 /* GoogleService-Info.plist in Resources */ = {isa = PBXBuildFile; fileRef = 07B9DB111F1410E9003DC946 /* GoogleService-Info.plist */; };
		07B9DB171F151DC4003DC946 /* User.swift in Sources */ = {isa = PBXBuildFile; fileRef = 07B9DB161F151DC4003DC946 /* User.swift */; };
		07B9DB191F1529CA003DC946 /* CreateUsernameViewController.swift in Sources */ = {isa = PBXBuildFile; fileRef = 07B9DB181F1529CA003DC946 /* CreateUsernameViewController.swift */; };
		07B9DB1C1F154F59003DC946 /* UserService.swift in Sources */ = {isa = PBXBuildFile; fileRef = 07B9DB1B1F154F59003DC946 /* UserService.swift */; };
		07B9DB1E1F155BEF003DC946 /* Constants.swift in Sources */ = {isa = PBXBuildFile; fileRef = 07B9DB1D1F155BEF003DC946 /* Constants.swift */; };
		07B9DB201F155C96003DC946 /* Storyboard+Utility.swift in Sources */ = {isa = PBXBuildFile; fileRef = 07B9DB1F1F155C96003DC946 /* Storyboard+Utility.swift */; };
		07B9DB231F16681F003DC946 /* HomeViewController.swift in Sources */ = {isa = PBXBuildFile; fileRef = 07B9DB221F16681F003DC946 /* HomeViewController.swift */; };
		07B9DB251F166833003DC946 /* FindFriendsViewController.swift in Sources */ = {isa = PBXBuildFile; fileRef = 07B9DB241F166833003DC946 /* FindFriendsViewController.swift */; };
		07B9DB271F16729D003DC946 /* MGPhotoHelper.swift in Sources */ = {isa = PBXBuildFile; fileRef = 07B9DB261F16729D003DC946 /* MGPhotoHelper.swift */; };
		07B9DB2A1F1677C1003DC946 /* MainTabBarController.swift in Sources */ = {isa = PBXBuildFile; fileRef = 07B9DB291F1677C1003DC946 /* MainTabBarController.swift */; };
		07B9DB2E1F1685F1003DC946 /* StorageService.swift in Sources */ = {isa = PBXBuildFile; fileRef = 07B9DB2D1F1685F1003DC946 /* StorageService.swift */; };
		07B9DB301F1686EC003DC946 /* PostService.swift in Sources */ = {isa = PBXBuildFile; fileRef = 07B9DB2F1F1686EC003DC946 /* PostService.swift */; };
		07B9DB321F168BBC003DC946 /* Post.swift in Sources */ = {isa = PBXBuildFile; fileRef = 07B9DB311F168BBC003DC946 /* Post.swift */; };
		07B9DB341F168FC5003DC946 /* UIImage+Size.swift in Sources */ = {isa = PBXBuildFile; fileRef = 07B9DB331F168FC5003DC946 /* UIImage+Size.swift */; };
		07B9DB361F16906A003DC946 /* StorageReference+Post.swift in Sources */ = {isa = PBXBuildFile; fileRef = 07B9DB351F16906A003DC946 /* StorageReference+Post.swift */; };
		07B9DB381F169612003DC946 /* Home.storyboard in Resources */ = {isa = PBXBuildFile; fileRef = 07B9DB371F169612003DC946 /* Home.storyboard */; };
		07C92F971F17B9730029834B /* PostImageCell.swift in Sources */ = {isa = PBXBuildFile; fileRef = 07C92F961F17B9730029834B /* PostImageCell.swift */; };
		4609E0EDF3D251A730A574CC /* Pods_Makestagram.framework in Frameworks */ = {isa = PBXBuildFile; fileRef = 8D5C0AF16EF3739AEEC37BC6 /* Pods_Makestagram.framework */; };
/* End PBXBuildFile section */

/* Begin PBXFileReference section */
		07B9DAE71F13CE29003DC946 /* Makestagram.app */ = {isa = PBXFileReference; explicitFileType = wrapper.application; includeInIndex = 0; path = Makestagram.app; sourceTree = BUILT_PRODUCTS_DIR; };
		07B9DAEA1F13CE29003DC946 /* AppDelegate.swift */ = {isa = PBXFileReference; lastKnownFileType = sourcecode.swift; path = AppDelegate.swift; sourceTree = "<group>"; };
		07B9DAF11F13CE29003DC946 /* Assets.xcassets */ = {isa = PBXFileReference; lastKnownFileType = folder.assetcatalog; path = Assets.xcassets; sourceTree = "<group>"; };
		07B9DB001F13DA74003DC946 /* LaunchScreen.storyboard */ = {isa = PBXFileReference; fileEncoding = 4; lastKnownFileType = file.storyboard; name = LaunchScreen.storyboard; path = Storyboards/LaunchScreen.storyboard; sourceTree = "<group>"; };
		07B9DB011F13DA74003DC946 /* Main.storyboard */ = {isa = PBXFileReference; fileEncoding = 4; lastKnownFileType = file.storyboard; name = Main.storyboard; path = Storyboards/Main.storyboard; sourceTree = "<group>"; };
		07B9DB051F13DA80003DC946 /* Info.plist */ = {isa = PBXFileReference; fileEncoding = 4; lastKnownFileType = text.plist.xml; name = Info.plist; path = Supporting/Info.plist; sourceTree = "<group>"; };
		07B9DB0D1F13FF93003DC946 /* LoginViewController.swift */ = {isa = PBXFileReference; fileEncoding = 4; lastKnownFileType = sourcecode.swift; name = LoginViewController.swift; path = Views/LoginViewController.swift; sourceTree = "<group>"; };
		07B9DB0F1F140EBD003DC946 /* Login.storyboard */ = {isa = PBXFileReference; fileEncoding = 4; lastKnownFileType = file.storyboard; name = Login.storyboard; path = Storyboards/Login.storyboard; sourceTree = "<group>"; };
		07B9DB111F1410E9003DC946 /* GoogleService-Info.plist */ = {isa = PBXFileReference; fileEncoding = 4; lastKnownFileType = text.plist.xml; name = "GoogleService-Info.plist"; path = "Supporting/GoogleService-Info.plist"; sourceTree = "<group>"; };
		07B9DB161F151DC4003DC946 /* User.swift */ = {isa = PBXFileReference; fileEncoding = 4; lastKnownFileType = sourcecode.swift; name = User.swift; path = Models/User.swift; sourceTree = "<group>"; };
		07B9DB181F1529CA003DC946 /* CreateUsernameViewController.swift */ = {isa = PBXFileReference; fileEncoding = 4; lastKnownFileType = sourcecode.swift; name = CreateUsernameViewController.swift; path = Controllers/CreateUsernameViewController.swift; sourceTree = "<group>"; };
		07B9DB1B1F154F59003DC946 /* UserService.swift */ = {isa = PBXFileReference; fileEncoding = 4; lastKnownFileType = sourcecode.swift; name = UserService.swift; path = Services/UserService.swift; sourceTree = "<group>"; };
		07B9DB1D1F155BEF003DC946 /* Constants.swift */ = {isa = PBXFileReference; fileEncoding = 4; lastKnownFileType = sourcecode.swift; name = Constants.swift; path = Supporting/Constants.swift; sourceTree = "<group>"; };
		07B9DB1F1F155C96003DC946 /* Storyboard+Utility.swift */ = {isa = PBXFileReference; fileEncoding = 4; lastKnownFileType = sourcecode.swift; name = "Storyboard+Utility.swift"; path = "Extensions/Storyboard+Utility.swift"; sourceTree = "<group>"; };
		07B9DB221F16681F003DC946 /* HomeViewController.swift */ = {isa = PBXFileReference; fileEncoding = 4; lastKnownFileType = sourcecode.swift; name = HomeViewController.swift; path = Controllers/HomeViewController.swift; sourceTree = "<group>"; };
		07B9DB241F166833003DC946 /* FindFriendsViewController.swift */ = {isa = PBXFileReference; fileEncoding = 4; lastKnownFileType = sourcecode.swift; name = FindFriendsViewController.swift; path = Controllers/FindFriendsViewController.swift; sourceTree = "<group>"; };
		07B9DB261F16729D003DC946 /* MGPhotoHelper.swift */ = {isa = PBXFileReference; fileEncoding = 4; lastKnownFileType = sourcecode.swift; name = MGPhotoHelper.swift; path = Helpers/MGPhotoHelper.swift; sourceTree = "<group>"; };
		07B9DB291F1677C1003DC946 /* MainTabBarController.swift */ = {isa = PBXFileReference; fileEncoding = 4; lastKnownFileType = sourcecode.swift; name = MainTabBarController.swift; path = Controllers/MainTabBarController.swift; sourceTree = "<group>"; };
		07B9DB2D1F1685F1003DC946 /* StorageService.swift */ = {isa = PBXFileReference; fileEncoding = 4; lastKnownFileType = sourcecode.swift; name = StorageService.swift; path = Services/StorageService.swift; sourceTree = "<group>"; };
		07B9DB2F1F1686EC003DC946 /* PostService.swift */ = {isa = PBXFileReference; fileEncoding = 4; lastKnownFileType = sourcecode.swift; name = PostService.swift; path = Services/PostService.swift; sourceTree = "<group>"; };
		07B9DB311F168BBC003DC946 /* Post.swift */ = {isa = PBXFileReference; fileEncoding = 4; lastKnownFileType = sourcecode.swift; name = Post.swift; path = Models/Post.swift; sourceTree = "<group>"; };
		07B9DB331F168FC5003DC946 /* UIImage+Size.swift */ = {isa = PBXFileReference; fileEncoding = 4; lastKnownFileType = sourcecode.swift; name = "UIImage+Size.swift"; path = "Extensions/UIImage+Size.swift"; sourceTree = "<group>"; };
		07B9DB351F16906A003DC946 /* StorageReference+Post.swift */ = {isa = PBXFileReference; fileEncoding = 4; lastKnownFileType = sourcecode.swift; name = "StorageReference+Post.swift"; path = "Extensions/StorageReference+Post.swift"; sourceTree = "<group>"; };
		07B9DB371F169612003DC946 /* Home.storyboard */ = {isa = PBXFileReference; fileEncoding = 4; lastKnownFileType = file.storyboard; name = Home.storyboard; path = Storyboards/Home.storyboard; sourceTree = "<group>"; };
		07C92F961F17B9730029834B /* PostImageCell.swift */ = {isa = PBXFileReference; fileEncoding = 4; lastKnownFileType = sourcecode.swift; name = PostImageCell.swift; path = Views/PostImageCell.swift; sourceTree = "<group>"; };
		27F644B423B3862DC5FDF8A9 /* Pods-Makestagram.release.xcconfig */ = {isa = PBXFileReference; includeInIndex = 1; lastKnownFileType = text.xcconfig; name = "Pods-Makestagram.release.xcconfig"; path = "Pods/Target Support Files/Pods-Makestagram/Pods-Makestagram.release.xcconfig"; sourceTree = "<group>"; };
		8D5C0AF16EF3739AEEC37BC6 /* Pods_Makestagram.framework */ = {isa = PBXFileReference; explicitFileType = wrapper.framework; includeInIndex = 0; path = Pods_Makestagram.framework; sourceTree = BUILT_PRODUCTS_DIR; };
		EB1615E93138FFD67992B958 /* Pods-Makestagram.debug.xcconfig */ = {isa = PBXFileReference; includeInIndex = 1; lastKnownFileType = text.xcconfig; name = "Pods-Makestagram.debug.xcconfig"; path = "Pods/Target Support Files/Pods-Makestagram/Pods-Makestagram.debug.xcconfig"; sourceTree = "<group>"; };
/* End PBXFileReference section */

/* Begin PBXFrameworksBuildPhase section */
		07B9DAE41F13CE29003DC946 /* Frameworks */ = {
			isa = PBXFrameworksBuildPhase;
			buildActionMask = 2147483647;
			files = (
				4609E0EDF3D251A730A574CC /* Pods_Makestagram.framework in Frameworks */,
			);
			runOnlyForDeploymentPostprocessing = 0;
		};
/* End PBXFrameworksBuildPhase section */

/* Begin PBXGroup section */
		07B9DADE1F13CE29003DC946 = {
			isa = PBXGroup;
			children = (
				07B9DAE91F13CE29003DC946 /* Makestagram */,
				07B9DAE81F13CE29003DC946 /* Products */,
				756131A55EE8453FCBA43523 /* Pods */,
				19BC16FB2C81D1D461FC8603 /* Frameworks */,
			);
			sourceTree = "<group>";
		};
		07B9DAE81F13CE29003DC946 /* Products */ = {
			isa = PBXGroup;
			children = (
				07B9DAE71F13CE29003DC946 /* Makestagram.app */,
			);
			name = Products;
			sourceTree = "<group>";
		};
		07B9DAE91F13CE29003DC946 /* Makestagram */ = {
			isa = PBXGroup;
			children = (
				07B9DAEA1F13CE29003DC946 /* AppDelegate.swift */,
				07B9DB281F1672A4003DC946 /* Helper */,
				07B9DB151F151D80003DC946 /* Models */,
				07B9DB1A1F154F26003DC946 /* Services */,
				07B9DB0A1F13DBE6003DC946 /* View Controllers */,
				07B9DB211F155C9B003DC946 /* Extensions */,
				07B9DB081F13DBC1003DC946 /* Supporting Files */,
				07B9DB091F13DBD4003DC946 /* Storyboards */,
				07B9DAF11F13CE29003DC946 /* Assets.xcassets */,
			);
			path = Makestagram;
			sourceTree = "<group>";
		};
		07B9DB081F13DBC1003DC946 /* Supporting Files */ = {
			isa = PBXGroup;
			children = (
				07B9DB1D1F155BEF003DC946 /* Constants.swift */,
				07B9DB111F1410E9003DC946 /* GoogleService-Info.plist */,
				07B9DB001F13DA74003DC946 /* LaunchScreen.storyboard */,
				07B9DB051F13DA80003DC946 /* Info.plist */,
			);
			name = "Supporting Files";
			sourceTree = "<group>";
		};
		07B9DB091F13DBD4003DC946 /* Storyboards */ = {
			isa = PBXGroup;
			children = (
				07B9DB011F13DA74003DC946 /* Main.storyboard */,
				07B9DB371F169612003DC946 /* Home.storyboard */,
				07B9DB0F1F140EBD003DC946 /* Login.storyboard */,
			);
			name = Storyboards;
			sourceTree = "<group>";
		};
		07B9DB0A1F13DBE6003DC946 /* View Controllers */ = {
			isa = PBXGroup;
			children = (
				07B9DB0D1F13FF93003DC946 /* LoginViewController.swift */,
				07B9DB181F1529CA003DC946 /* CreateUsernameViewController.swift */,
				07B9DB221F16681F003DC946 /* HomeViewController.swift */,
				07B9DB241F166833003DC946 /* FindFriendsViewController.swift */,
				07B9DB291F1677C1003DC946 /* MainTabBarController.swift */,
				07C92F961F17B9730029834B /* PostImageCell.swift */,
			);
			name = "View Controllers";
			sourceTree = "<group>";
		};
		07B9DB151F151D80003DC946 /* Models */ = {
			isa = PBXGroup;
			children = (
				07B9DB161F151DC4003DC946 /* User.swift */,
				07B9DB311F168BBC003DC946 /* Post.swift */,
			);
			name = Models;
			sourceTree = "<group>";
		};
		07B9DB1A1F154F26003DC946 /* Services */ = {
			isa = PBXGroup;
			children = (
				07B9DB1B1F154F59003DC946 /* UserService.swift */,
				07B9DB2D1F1685F1003DC946 /* StorageService.swift */,
				07B9DB2F1F1686EC003DC946 /* PostService.swift */,
			);
			name = Services;
			sourceTree = "<group>";
		};
		07B9DB211F155C9B003DC946 /* Extensions */ = {
			isa = PBXGroup;
			children = (
				07B9DB1F1F155C96003DC946 /* Storyboard+Utility.swift */,
				07B9DB331F168FC5003DC946 /* UIImage+Size.swift */,
				07B9DB351F16906A003DC946 /* StorageReference+Post.swift */,
			);
			name = Extensions;
			sourceTree = "<group>";
		};
		07B9DB281F1672A4003DC946 /* Helper */ = {
			isa = PBXGroup;
			children = (
				07B9DB261F16729D003DC946 /* MGPhotoHelper.swift */,
			);
			name = Helper;
			sourceTree = "<group>";
		};
		19BC16FB2C81D1D461FC8603 /* Frameworks */ = {
			isa = PBXGroup;
			children = (
				8D5C0AF16EF3739AEEC37BC6 /* Pods_Makestagram.framework */,
			);
			name = Frameworks;
			sourceTree = "<group>";
		};
		756131A55EE8453FCBA43523 /* Pods */ = {
			isa = PBXGroup;
			children = (
				EB1615E93138FFD67992B958 /* Pods-Makestagram.debug.xcconfig */,
				27F644B423B3862DC5FDF8A9 /* Pods-Makestagram.release.xcconfig */,
			);
			name = Pods;
			sourceTree = "<group>";
		};
/* End PBXGroup section */

/* Begin PBXNativeTarget section */
		07B9DAE61F13CE29003DC946 /* Makestagram */ = {
			isa = PBXNativeTarget;
			buildConfigurationList = 07B9DAF91F13CE29003DC946 /* Build configuration list for PBXNativeTarget "Makestagram" */;
			buildPhases = (
				DA58D35AADA7483F7F7EFA60 /* [CP] Check Pods Manifest.lock */,
				07B9DAE31F13CE29003DC946 /* Sources */,
				07B9DAE41F13CE29003DC946 /* Frameworks */,
				07B9DAE51F13CE29003DC946 /* Resources */,
				25F9618079AD151CA4DD52A9 /* [CP] Embed Pods Frameworks */,
				C788D55C4044CB499F1BC1E5 /* [CP] Copy Pods Resources */,
			);
			buildRules = (
			);
			dependencies = (
			);
			name = Makestagram;
			productName = Makestagram;
			productReference = 07B9DAE71F13CE29003DC946 /* Makestagram.app */;
			productType = "com.apple.product-type.application";
		};
/* End PBXNativeTarget section */

/* Begin PBXProject section */
		07B9DADF1F13CE29003DC946 /* Project object */ = {
			isa = PBXProject;
			attributes = {
				LastSwiftUpdateCheck = 0820;
				LastUpgradeCheck = 0820;
				ORGANIZATIONNAME = "Make School";
				TargetAttributes = {
					07B9DAE61F13CE29003DC946 = {
						CreatedOnToolsVersion = 8.2.1;
						DevelopmentTeam = W8XH6RU95C;
						ProvisioningStyle = Automatic;
					};
				};
			};
			buildConfigurationList = 07B9DAE21F13CE29003DC946 /* Build configuration list for PBXProject "Makestagram" */;
			compatibilityVersion = "Xcode 3.2";
			developmentRegion = English;
			hasScannedForEncodings = 0;
			knownRegions = (
				en,
				Base,
			);
			mainGroup = 07B9DADE1F13CE29003DC946;
			productRefGroup = 07B9DAE81F13CE29003DC946 /* Products */;
			projectDirPath = "";
			projectRoot = "";
			targets = (
				07B9DAE61F13CE29003DC946 /* Makestagram */,
			);
		};
/* End PBXProject section */

/* Begin PBXResourcesBuildPhase section */
		07B9DAE51F13CE29003DC946 /* Resources */ = {
			isa = PBXResourcesBuildPhase;
			buildActionMask = 2147483647;
			files = (
				07B9DB031F13DA74003DC946 /* Main.storyboard in Resources */,
				07B9DAF21F13CE29003DC946 /* Assets.xcassets in Resources */,
				07B9DB121F1410E9003DC946 /* GoogleService-Info.plist in Resources */,
				07B9DB381F169612003DC946 /* Home.storyboard in Resources */,
				07B9DB021F13DA74003DC946 /* LaunchScreen.storyboard in Resources */,
				07B9DB101F140EBD003DC946 /* Login.storyboard in Resources */,
			);
			runOnlyForDeploymentPostprocessing = 0;
		};
/* End PBXResourcesBuildPhase section */

/* Begin PBXShellScriptBuildPhase section */
		25F9618079AD151CA4DD52A9 /* [CP] Embed Pods Frameworks */ = {
			isa = PBXShellScriptBuildPhase;
			buildActionMask = 2147483647;
			files = (
			);
			inputPaths = (
			);
			name = "[CP] Embed Pods Frameworks";
			outputPaths = (
			);
			runOnlyForDeploymentPostprocessing = 0;
			shellPath = /bin/sh;
			shellScript = "\"${SRCROOT}/Pods/Target Support Files/Pods-Makestagram/Pods-Makestagram-frameworks.sh\"\n";
			showEnvVarsInLog = 0;
		};
		C788D55C4044CB499F1BC1E5 /* [CP] Copy Pods Resources */ = {
			isa = PBXShellScriptBuildPhase;
			buildActionMask = 2147483647;
			files = (
			);
			inputPaths = (
			);
			name = "[CP] Copy Pods Resources";
			outputPaths = (
			);
			runOnlyForDeploymentPostprocessing = 0;
			shellPath = /bin/sh;
			shellScript = "\"${SRCROOT}/Pods/Target Support Files/Pods-Makestagram/Pods-Makestagram-resources.sh\"\n";
			showEnvVarsInLog = 0;
		};
		DA58D35AADA7483F7F7EFA60 /* [CP] Check Pods Manifest.lock */ = {
			isa = PBXShellScriptBuildPhase;
			buildActionMask = 2147483647;
			files = (
			);
			inputPaths = (
			);
			name = "[CP] Check Pods Manifest.lock";
			outputPaths = (
			);
			runOnlyForDeploymentPostprocessing = 0;
			shellPath = /bin/sh;
			shellScript = "diff \"${PODS_PODFILE_DIR_PATH}/Podfile.lock\" \"${PODS_ROOT}/Manifest.lock\" > /dev/null\nif [ $? != 0 ] ; then\n    # print error to STDERR\n    echo \"error: The sandbox is not in sync with the Podfile.lock. Run 'pod install' or update your CocoaPods installation.\" >&2\n    exit 1\nfi\n";
			showEnvVarsInLog = 0;
		};
/* End PBXShellScriptBuildPhase section */

/* Begin PBXSourcesBuildPhase section */
		07B9DAE31F13CE29003DC946 /* Sources */ = {
			isa = PBXSourcesBuildPhase;
			buildActionMask = 2147483647;
			files = (
				07B9DB271F16729D003DC946 /* MGPhotoHelper.swift in Sources */,
				07B9DB2E1F1685F1003DC946 /* StorageService.swift in Sources */,
				07B9DB171F151DC4003DC946 /* User.swift in Sources */,
				07B9DB2A1F1677C1003DC946 /* MainTabBarController.swift in Sources */,
				07B9DB0E1F13FF93003DC946 /* LoginViewController.swift in Sources */,
				07B9DB321F168BBC003DC946 /* Post.swift in Sources */,
				07C92F971F17B9730029834B /* PostImageCell.swift in Sources */,
				07B9DB341F168FC5003DC946 /* UIImage+Size.swift in Sources */,
				07B9DB1C1F154F59003DC946 /* UserService.swift in Sources */,
				07B9DB231F16681F003DC946 /* HomeViewController.swift in Sources */,
				07B9DB201F155C96003DC946 /* Storyboard+Utility.swift in Sources */,
				07B9DB251F166833003DC946 /* FindFriendsViewController.swift in Sources */,
				07B9DB361F16906A003DC946 /* StorageReference+Post.swift in Sources */,
				07B9DB1E1F155BEF003DC946 /* Constants.swift in Sources */,
				07B9DB301F1686EC003DC946 /* PostService.swift in Sources */,
				07B9DB191F1529CA003DC946 /* CreateUsernameViewController.swift in Sources */,
				07B9DAEB1F13CE29003DC946 /* AppDelegate.swift in Sources */,
			);
			runOnlyForDeploymentPostprocessing = 0;
		};
/* End PBXSourcesBuildPhase section */

/* Begin XCBuildConfiguration section */
		07B9DAF71F13CE29003DC946 /* Debug */ = {
			isa = XCBuildConfiguration;
			buildSettings = {
				ALWAYS_SEARCH_USER_PATHS = NO;
				CLANG_ANALYZER_NONNULL = YES;
				CLANG_CXX_LANGUAGE_STANDARD = "gnu++0x";
				CLANG_CXX_LIBRARY = "libc++";
				CLANG_ENABLE_MODULES = YES;
				CLANG_ENABLE_OBJC_ARC = YES;
				CLANG_WARN_BOOL_CONVERSION = YES;
				CLANG_WARN_CONSTANT_CONVERSION = YES;
				CLANG_WARN_DIRECT_OBJC_ISA_USAGE = YES_ERROR;
				CLANG_WARN_DOCUMENTATION_COMMENTS = YES;
				CLANG_WARN_EMPTY_BODY = YES;
				CLANG_WARN_ENUM_CONVERSION = YES;
				CLANG_WARN_INFINITE_RECURSION = YES;
				CLANG_WARN_INT_CONVERSION = YES;
				CLANG_WARN_OBJC_ROOT_CLASS = YES_ERROR;
				CLANG_WARN_SUSPICIOUS_MOVE = YES;
				CLANG_WARN_UNREACHABLE_CODE = YES;
				CLANG_WARN__DUPLICATE_METHOD_MATCH = YES;
				"CODE_SIGN_IDENTITY[sdk=iphoneos*]" = "iPhone Developer";
				COPY_PHASE_STRIP = NO;
				DEBUG_INFORMATION_FORMAT = dwarf;
				ENABLE_STRICT_OBJC_MSGSEND = YES;
				ENABLE_TESTABILITY = YES;
				GCC_C_LANGUAGE_STANDARD = gnu99;
				GCC_DYNAMIC_NO_PIC = NO;
				GCC_NO_COMMON_BLOCKS = YES;
				GCC_OPTIMIZATION_LEVEL = 0;
				GCC_PREPROCESSOR_DEFINITIONS = (
					"DEBUG=1",
					"$(inherited)",
				);
				GCC_WARN_64_TO_32_BIT_CONVERSION = YES;
				GCC_WARN_ABOUT_RETURN_TYPE = YES_ERROR;
				GCC_WARN_UNDECLARED_SELECTOR = YES;
				GCC_WARN_UNINITIALIZED_AUTOS = YES_AGGRESSIVE;
				GCC_WARN_UNUSED_FUNCTION = YES;
				GCC_WARN_UNUSED_VARIABLE = YES;
				IPHONEOS_DEPLOYMENT_TARGET = 10.2;
				MTL_ENABLE_DEBUG_INFO = YES;
				ONLY_ACTIVE_ARCH = YES;
				SDKROOT = iphoneos;
				SWIFT_ACTIVE_COMPILATION_CONDITIONS = DEBUG;
				SWIFT_OPTIMIZATION_LEVEL = "-Onone";
			};
			name = Debug;
		};
		07B9DAF81F13CE29003DC946 /* Release */ = {
			isa = XCBuildConfiguration;
			buildSettings = {
				ALWAYS_SEARCH_USER_PATHS = NO;
				CLANG_ANALYZER_NONNULL = YES;
				CLANG_CXX_LANGUAGE_STANDARD = "gnu++0x";
				CLANG_CXX_LIBRARY = "libc++";
				CLANG_ENABLE_MODULES = YES;
				CLANG_ENABLE_OBJC_ARC = YES;
				CLANG_WARN_BOOL_CONVERSION = YES;
				CLANG_WARN_CONSTANT_CONVERSION = YES;
				CLANG_WARN_DIRECT_OBJC_ISA_USAGE = YES_ERROR;
				CLANG_WARN_DOCUMENTATION_COMMENTS = YES;
				CLANG_WARN_EMPTY_BODY = YES;
				CLANG_WARN_ENUM_CONVERSION = YES;
				CLANG_WARN_INFINITE_RECURSION = YES;
				CLANG_WARN_INT_CONVERSION = YES;
				CLANG_WARN_OBJC_ROOT_CLASS = YES_ERROR;
				CLANG_WARN_SUSPICIOUS_MOVE = YES;
				CLANG_WARN_UNREACHABLE_CODE = YES;
				CLANG_WARN__DUPLICATE_METHOD_MATCH = YES;
				"CODE_SIGN_IDENTITY[sdk=iphoneos*]" = "iPhone Developer";
				COPY_PHASE_STRIP = NO;
				DEBUG_INFORMATION_FORMAT = "dwarf-with-dsym";
				ENABLE_NS_ASSERTIONS = NO;
				ENABLE_STRICT_OBJC_MSGSEND = YES;
				GCC_C_LANGUAGE_STANDARD = gnu99;
				GCC_NO_COMMON_BLOCKS = YES;
				GCC_WARN_64_TO_32_BIT_CONVERSION = YES;
				GCC_WARN_ABOUT_RETURN_TYPE = YES_ERROR;
				GCC_WARN_UNDECLARED_SELECTOR = YES;
				GCC_WARN_UNINITIALIZED_AUTOS = YES_AGGRESSIVE;
				GCC_WARN_UNUSED_FUNCTION = YES;
				GCC_WARN_UNUSED_VARIABLE = YES;
				IPHONEOS_DEPLOYMENT_TARGET = 10.2;
				MTL_ENABLE_DEBUG_INFO = NO;
				SDKROOT = iphoneos;
				SWIFT_OPTIMIZATION_LEVEL = "-Owholemodule";
				VALIDATE_PRODUCT = YES;
			};
			name = Release;
		};
		07B9DAFA1F13CE29003DC946 /* Debug */ = {
			isa = XCBuildConfiguration;
			baseConfigurationReference = EB1615E93138FFD67992B958 /* Pods-Makestagram.debug.xcconfig */;
			buildSettings = {
				ASSETCATALOG_COMPILER_APPICON_NAME = AppIcon;
				"CODE_SIGN_IDENTITY[sdk=iphoneos*]" = "iPhone Developer";
				DEVELOPMENT_TEAM = W8XH6RU95C;
				INFOPLIST_FILE = "$(SRCROOT)/Makestagram/Supporting/Info.plist";
				LD_RUNPATH_SEARCH_PATHS = "$(inherited) @executable_path/Frameworks";
				PRODUCT_BUNDLE_IDENTIFIER = com.makeschool.Makestagram123;
				PRODUCT_NAME = "$(TARGET_NAME)";
				SWIFT_VERSION = 3.0;
			};
			name = Debug;
		};
		07B9DAFB1F13CE29003DC946 /* Release */ = {
			isa = XCBuildConfiguration;
			baseConfigurationReference = 27F644B423B3862DC5FDF8A9 /* Pods-Makestagram.release.xcconfig */;
			buildSettings = {
				ASSETCATALOG_COMPILER_APPICON_NAME = AppIcon;
				"CODE_SIGN_IDENTITY[sdk=iphoneos*]" = "iPhone Developer";
				DEVELOPMENT_TEAM = W8XH6RU95C;
				INFOPLIST_FILE = "$(SRCROOT)/Makestagram/Supporting/Info.plist";
				LD_RUNPATH_SEARCH_PATHS = "$(inherited) @executable_path/Frameworks";
				PRODUCT_BUNDLE_IDENTIFIER = com.makeschool.Makestagram123;
				PRODUCT_NAME = "$(TARGET_NAME)";
				SWIFT_VERSION = 3.0;
			};
			name = Release;
		};
/* End XCBuildConfiguration section */

/* Begin XCConfigurationList section */
		07B9DAE21F13CE29003DC946 /* Build configuration list for PBXProject "Makestagram" */ = {
			isa = XCConfigurationList;
			buildConfigurations = (
				07B9DAF71F13CE29003DC946 /* Debug */,
				07B9DAF81F13CE29003DC946 /* Release */,
			);
			defaultConfigurationIsVisible = 0;
			defaultConfigurationName = Release;
		};
		07B9DAF91F13CE29003DC946 /* Build configuration list for PBXNativeTarget "Makestagram" */ = {
			isa = XCConfigurationList;
			buildConfigurations = (
				07B9DAFA1F13CE29003DC946 /* Debug */,
				07B9DAFB1F13CE29003DC946 /* Release */,
			);
			defaultConfigurationIsVisible = 0;
			defaultConfigurationName = Release;
		};
/* End XCConfigurationList section */
	};
	rootObject = 07B9DADF1F13CE29003DC946 /* Project object */;
}
